
Microsoft Visual Studio Solution File, Format Version 12.00
# Visual Studio 15
VisualStudioVersion = 15.0.28010.2026
MinimumVisualStudioVersion = 10.0.40219.1
Project("{FAE04EC0-301F-11D3-BF4B-00C04F79EFBC}") = "DockerSampleApp", "DockerSampleApp\DockerSampleApp.csproj", "{AFE6DD0C-3463-4F68-9537-0A8D2078085C}"
EndProject
Global
	GlobalSection(SolutionConfigurationPlatforms) = preSolution
		Debug|Any CPU = Debug|Any CPU
		Release|Any CPU = Release|Any CPU
	EndGlobalSection
	GlobalSection(ProjectConfigurationPlatforms) = postSolution
		{AFE6DD0C-3463-4F68-9537-0A8D2078085C}.Debug|Any CPU.ActiveCfg = Debug|Any CPU
		{AFE6DD0C-3463-4F68-9537-0A8D2078085C}.Debug|Any CPU.Build.0 = Debug|Any CPU
		{AFE6DD0C-3463-4F68-9537-0A8D2078085C}.Release|Any CPU.ActiveCfg = Release|Any CPU
		{AFE6DD0C-3463-4F68-9537-0A8D2078085C}.Release|Any CPU.Build.0 = Release|Any CPU
	EndGlobalSection
	GlobalSection(SolutionProperties) = preSolution
		HideSolutionNode = FALSE
	EndGlobalSection
	GlobalSection(ExtensibilityGlobals) = postSolution
		SolutionGuid = {224DC506-8DE3-4EA6-BB84-F84C23E73343}
	EndGlobalSection
EndGlobal
